
Microsoft Visual Studio Solution File, Format Version 12.00
# Visual Studio Version 17
VisualStudioVersion = 17.14.36811.4 d17.14
MinimumVisualStudioVersion = 10.0.40219.1
Project("{FAE04EC0-301F-11D3-BF4B-00C04F79EFBC}") = "WinFormsApp6", "WinFormsApp6\WinFormsApp6.csproj", "{CA84473B-FBC0-47E5-B1F4-0E3721A5E6CB}"
EndProject
Global
	GlobalSection(SolutionConfigurationPlatforms) = preSolution
		Debug|Any CPU = Debug|Any CPU
		Release|Any CPU = Release|Any CPU
	EndGlobalSection
	GlobalSection(ProjectConfigurationPlatforms) = postSolution
		{CA84473B-FBC0-47E5-B1F4-0E3721A5E6CB}.Debug|Any CPU.ActiveCfg = Debug|Any CPU
		{CA84473B-FBC0-47E5-B1F4-0E3721A5E6CB}.Debug|Any CPU.Build.0 = Debug|Any CPU
		{CA84473B-FBC0-47E5-B1F4-0E3721A5E6CB}.Release|Any CPU.ActiveCfg = Release|Any CPU
		{CA84473B-FBC0-47E5-B1F4-0E3721A5E6CB}.Release|Any CPU.Build.0 = Release|Any CPU
	EndGlobalSection
	GlobalSection(SolutionProperties) = preSolution
		HideSolutionNode = FALSE
	EndGlobalSection
	GlobalSection(ExtensibilityGlobals) = postSolution
		SolutionGuid = {E71B20BE-F322-4A3D-8978-6CFF0F9C06BA}
	EndGlobalSection
EndGlobal
